{
  "name": "@agentico/mcp-intent-based-demo",
  "version": "1.1.0",
  "lockfileVersion": 3,
  "requires": true,
  "packages": {
    "": {
      "name": "@agentico/mcp-intent-based-demo",
      "version": "1.1.0",
      "license": "MIT",
      "dependencies": {
        "@agentico/mcp-intent-based": "../../mcp-intent-based/"
      },
      "bin": {
        "ib-demo": "build/index.js"
      },
      "devDependencies": {
        "@types/node": "^22.14.0",
        "bunup": "^0.3.76",
        "typescript": "^5.8.3"
      }
    },
    "../../mcp-intent-based": {
      "name": "@agentico/mcp-intent-based",
      "version": "0.2.0",
      "license": "MIT",
      "dependencies": {
        "@modelcontextprotocol/sdk": "^1.9.0",
        "ajv": "^8.17.1",
        "js-yaml": "^4.1.0"
      },
      "bin": {
        "agentico": "build/index.js"
      },
      "devDependencies": {
        "@types/bun": "latest",
        "@types/js-yaml": "^4.0.9",
        "bunup": "^0.3.92",
        "shx": "^0.3.4"
      },
      "engines": {
        "node": ">=18.0.0"
      },
      "peerDependencies": {
        "typescript": "^5.8.3"
      }
    },
    "node_modules/@agentico/mcp-intent-based": {
      "resolved": "../../mcp-intent-based",
      "link": true
    },
    "node_modules/@emnapi/core": {
      "version": "1.4.3",
      "resolved": "https://registry.npmjs.org/@emnapi/core/-/core-1.4.3.tgz",
      "integrity": "sha512-4m62DuCE07lw01soJwPiBGC0nAww0Q+RY70VZ+n49yDIO13yyinhbWCeNnaob0lakDtWQzSdtNWzJeOJt2ma+g==",
      "dev": true,
      "license": "MIT",
      "optional": true,
      "dependencies": {
        "@emnapi/wasi-threads": "1.0.2",
        "tslib": "^2.4.0"
      }
    },
    "node_modules/@emnapi/runtime": {
      "version": "1.4.3",
      "resolved": "https://registry.npmjs.org/@emnapi/runtime/-/runtime-1.4.3.tgz",
      "integrity": "sha512-pBPWdu6MLKROBX05wSNKcNb++m5Er+KQ9QkB+WVM+pW2Kx9hoSrVTnu3BdkI5eBLZoKu/J6mW/B6i6bJB2ytXQ==",
      "dev": true,
      "license": "MIT",
      "optional": true,
      "dependencies": {
        "tslib": "^2.4.0"
      }
    },
    "node_modules/@emnapi/wasi-threads": {
      "version": "1.0.2",
      "resolved": "https://registry.npmjs.org/@emnapi/wasi-threads/-/wasi-threads-1.0.2.tgz",
      "integrity": "sha512-5n3nTJblwRi8LlXkJ9eBzu+kZR8Yxcc7ubakyQTFzPMtIhFpUBRbsnc2Dv88IZDIbCDlBiWrknhB4Lsz7mg6BA==",
      "dev": true,
      "license": "MIT",
      "optional": true,
      "dependencies": {
        "tslib": "^2.4.0"
      }
    },
    "node_modules/@jridgewell/sourcemap-codec": {
      "version": "1.5.0",
      "resolved": "https://registry.npmjs.org/@jridgewell/sourcemap-codec/-/sourcemap-codec-1.5.0.tgz",
      "integrity": "sha512-gv3ZRaISU3fjPAgNsriBRqGWQL6quFx04YMPW/zD8XMLsU32mhCCbfbO6KZFLjvYpCZ8zyDEgqsgf+PwPaM7GQ==",
      "dev": true,
      "license": "MIT"
    },
    "node_modules/@napi-rs/wasm-runtime": {
      "version": "0.2.9",
      "resolved": "https://registry.npmjs.org/@napi-rs/wasm-runtime/-/wasm-runtime-0.2.9.tgz",
      "integrity": "sha512-OKRBiajrrxB9ATokgEQoG87Z25c67pCpYcCwmXYX8PBftC9pBfN18gnm/fh1wurSLEKIAt+QRFLFCQISrb66Jg==",
      "dev": true,
      "license": "MIT",
      "optional": true,
      "dependencies": {
        "@emnapi/core": "^1.4.0",
        "@emnapi/runtime": "^1.4.0",
        "@tybys/wasm-util": "^0.9.0"
      }
    },
    "node_modules/@oxc-parser/binding-darwin-arm64": {
      "version": "0.62.0",
      "resolved": "https://registry.npmjs.org/@oxc-parser/binding-darwin-arm64/-/binding-darwin-arm64-0.62.0.tgz",
      "integrity": "sha512-p9haXzG2mE0PvfITKY3bTQpwDc+T4H9bG5SC4vp8PbwikmIWGrahASpuO5c2keiahspGTCzqUnl+8PXU/saT/A==",
      "cpu": [
        "arm64"
      ],
      "dev": true,
      "license": "MIT",
      "optional": true,
      "os": [
        "darwin"
      ],
      "engines": {
        "node": ">=14.0.0"
      }
    },
    "node_modules/@oxc-parser/binding-darwin-x64": {
      "version": "0.62.0",
      "resolved": "https://registry.npmjs.org/@oxc-parser/binding-darwin-x64/-/binding-darwin-x64-0.62.0.tgz",
      "integrity": "sha512-nUFVTz0DcQCtoHL/wiZ3fNPXRIdghDlExRqiEG00J7RprD3L8CtZ1hXwcWOqUNR1I/xWHQCu1ZrRlI30Wb+NCw==",
      "cpu": [
        "x64"
      ],
      "dev": true,
      "license": "MIT",
      "optional": true,
      "os": [
        "darwin"
      ],
      "engines": {
        "node": ">=14.0.0"
      }
    },
    "node_modules/@oxc-parser/binding-linux-arm-gnueabihf": {
      "version": "0.62.0",
      "resolved": "https://registry.npmjs.org/@oxc-parser/binding-linux-arm-gnueabihf/-/binding-linux-arm-gnueabihf-0.62.0.tgz",
      "integrity": "sha512-fzL/QklCwZRBkPvdr0zBtAFBnksd42xiBMlm0GQi2dIynCDz2IKrc+hq0UZMtqMEjuvr991WOlh0iU6elZDn6g==",
      "cpu": [
        "arm"
      ],
      "dev": true,
      "license": "MIT",
      "optional": true,
      "os": [
        "linux"
      ],
      "engines": {
        "node": ">=14.0.0"
      }
    },
    "node_modules/@oxc-parser/binding-linux-arm64-gnu": {
      "version": "0.62.0",
      "resolved": "https://registry.npmjs.org/@oxc-parser/binding-linux-arm64-gnu/-/binding-linux-arm64-gnu-0.62.0.tgz",
      "integrity": "sha512-dgymg4cMO+5hfSUC4zHnNoNIKoasUiaaYZRIs3lhRPFB2ultth4uJTV+iMlBTNtGDSKSs10ennHvm7CBGJVgVg==",
      "cpu": [
        "arm64"
      ],
      "dev": true,
      "license": "MIT",
      "optional": true,
      "os": [
        "linux"
      ],
      "engines": {
        "node": ">=14.0.0"
      }
    },
    "node_modules/@oxc-parser/binding-linux-arm64-musl": {
      "version": "0.62.0",
      "resolved": "https://registry.npmjs.org/@oxc-parser/binding-linux-arm64-musl/-/binding-linux-arm64-musl-0.62.0.tgz",
      "integrity": "sha512-sKhAyRsP6DNeFMRevAN28HccFKEO6l3OqC8MuAV+HNzzyzUOKx2HGnYlkLxCmDZ7lyzzl7vA7YRQFBLYXgsWSA==",
      "cpu": [
        "arm64"
      ],
      "dev": true,
      "license": "MIT",
      "optional": true,
      "os": [
        "linux"
      ],
      "engines": {
        "node": ">=14.0.0"
      }
    },
    "node_modules/@oxc-parser/binding-linux-x64-gnu": {
      "version": "0.62.0",
      "resolved": "https://registry.npmjs.org/@oxc-parser/binding-linux-x64-gnu/-/binding-linux-x64-gnu-0.62.0.tgz",
      "integrity": "sha512-WAPgDelo20F5An0SW8X+0hWVPF7dHKhHwZo5doOt8Dn9NX6nONQCmEDUUPtp/BqISBxRFSH+rZbaENn8GGlBqg==",
      "cpu": [
        "x64"
      ],
      "dev": true,
      "license": "MIT",
      "optional": true,
      "os": [
        "linux"
      ],
      "engines": {
        "node": ">=14.0.0"
      }
    },
    "node_modules/@oxc-parser/binding-linux-x64-musl": {
      "version": "0.62.0",
      "resolved": "https://registry.npmjs.org/@oxc-parser/binding-linux-x64-musl/-/binding-linux-x64-musl-0.62.0.tgz",
      "integrity": "sha512-JJ0WIPVXiuiWmPLKL+W3/OX1O5aDWMoX47eODKdNoM46bTcxIUe+wpHou731WuqhfrwACBi3Bsljn6VsIFPe9A==",
      "cpu": [
        "x64"
      ],
      "dev": true,
      "license": "MIT",
      "optional": true,
      "os": [
        "linux"
      ],
      "engines": {
        "node": ">=14.0.0"
      }
    },
    "node_modules/@oxc-parser/binding-wasm32-wasi": {
      "version": "0.62.0",
      "resolved": "https://registry.npmjs.org/@oxc-parser/binding-wasm32-wasi/-/binding-wasm32-wasi-0.62.0.tgz",
      "integrity": "sha512-FuGOzv4FJWSBnG9jkCgZysU6ZMTKWHyHXEr40J1HjRnyw58bQ1sPfVmHZusNTSDCXmBlBz0ZuELLTJFHTI3DVQ==",
      "cpu": [
        "wasm32"
      ],
      "dev": true,
      "license": "MIT",
      "optional": true,
      "dependencies": {
        "@napi-rs/wasm-runtime": "^0.2.8"
      },
      "engines": {
        "node": ">=14.0.0"
      }
    },
    "node_modules/@oxc-parser/binding-win32-arm64-msvc": {
      "version": "0.62.0",
      "resolved": "https://registry.npmjs.org/@oxc-parser/binding-win32-arm64-msvc/-/binding-win32-arm64-msvc-0.62.0.tgz",
      "integrity": "sha512-3XEM9fgnrC2Eav/csJaAn125bQIgsdAeyksTGq2xnydnomHY9G+/nfIfgS76X/K0TZiyjOOakctwl4vsObDyGA==",
      "cpu": [
        "arm64"
      ],
      "dev": true,
      "license": "MIT",
      "optional": true,
      "os": [
        "win32"
      ],
      "engines": {
        "node": ">=14.0.0"
      }
    },
    "node_modules/@oxc-parser/binding-win32-x64-msvc": {
      "version": "0.62.0",
      "resolved": "https://registry.npmjs.org/@oxc-parser/binding-win32-x64-msvc/-/binding-win32-x64-msvc-0.62.0.tgz",
      "integrity": "sha512-YbLsb6Z/FS7tNheETyvf6FYhqo/AUipHca9eF5cB4XAdGc+Yt9bcrnwG9g9RGD33nxaMDI1ead2KYAcNeDYzGA==",
      "cpu": [
        "x64"
      ],
      "dev": true,
      "license": "MIT",
      "optional": true,
      "os": [
        "win32"
      ],
      "engines": {
        "node": ">=14.0.0"
      }
    },
    "node_modules/@oxc-project/types": {
      "version": "0.61.2",
      "resolved": "https://registry.npmjs.org/@oxc-project/types/-/types-0.61.2.tgz",
      "integrity": "sha512-rfuwJwvwn9MRthHNXlSo9Eka/u7gC0MhnWAoX3BhE1+rwPOl22nq0K0Y997Hof0tHCOuD7H3/Z8HTfCVhB4c5Q==",
      "dev": true,
      "license": "MIT",
      "funding": {
        "url": "https://github.com/sponsors/Boshen"
      }
    },
    "node_modules/@oxc-resolver/binding-darwin-arm64": {
      "version": "5.2.0",
      "resolved": "https://registry.npmjs.org/@oxc-resolver/binding-darwin-arm64/-/binding-darwin-arm64-5.2.0.tgz",
      "integrity": "sha512-3v2eS1swAUZ/OPrBpTB5Imn4Xhbz4zKPa/mugnYCAC4pVt/miBQLBNciBRZG8oyHiGmLtjw/qanZC36uB6MITQ==",
      "cpu": [
        "arm64"
      ],
      "dev": true,
      "license": "MIT",
      "optional": true,
      "os": [
        "darwin"
      ]
    },
    "node_modules/@oxc-resolver/binding-darwin-x64": {
      "version": "5.2.0",
      "resolved": "https://registry.npmjs.org/@oxc-resolver/binding-darwin-x64/-/binding-darwin-x64-5.2.0.tgz",
      "integrity": "sha512-6uhnlZU+CBULQAjcwQ4nerA76xDEvPFtHpTzXhEoitr4a3Ks5H92X4uuLT0C0FW3RfhIVL8Lpp9pLYHN3oAvug==",
      "cpu": [
        "x64"
      ],
      "dev": true,
      "license": "MIT",
      "optional": true,
      "os": [
        "darwin"
      ]
    },
    "node_modules/@oxc-resolver/binding-freebsd-x64": {
      "version": "5.2.0",
      "resolved": "https://registry.npmjs.org/@oxc-resolver/binding-freebsd-x64/-/binding-freebsd-x64-5.2.0.tgz",
      "integrity": "sha512-6TCXw/rPnhBLlS/Rg7QHO9lBjwJSbUJMhd9POpVpQEK1S9viEAl8JPdxXuNCEDPJHSmpMrGt6+DTjQxQ5J1kpQ==",
      "cpu": [
        "x64"
      ],
      "dev": true,
      "license": "MIT",
      "optional": true,
      "os": [
        "freebsd"
      ]
    },
    "node_modules/@oxc-resolver/binding-linux-arm-gnueabihf": {
      "version": "5.2.0",
      "resolved": "https://registry.npmjs.org/@oxc-resolver/binding-linux-arm-gnueabihf/-/binding-linux-arm-gnueabihf-5.2.0.tgz",
      "integrity": "sha512-egjFYBKixAjekmiImCYkpwSo0bnZJOieJIc6cXePuCih2R5nFjkS1F8tSlJ18GdRZ1MmYveM6THmIHJCpnDqaQ==",
      "cpu": [
        "arm"
      ],
      "dev": true,
      "license": "MIT",
      "optional": true,
      "os": [
        "linux"
      ]
    },
    "node_modules/@oxc-resolver/binding-linux-arm64-gnu": {
      "version": "5.2.0",
      "resolved": "https://registry.npmjs.org/@oxc-resolver/binding-linux-arm64-gnu/-/binding-linux-arm64-gnu-5.2.0.tgz",
      "integrity": "sha512-Cizb3uHnEc2MYZeRnp+BxmDyAKo7szJxbTW4BgPvs+XicYZI0kc/qcZlHRoJImalBqvve+ZObasRqCS1zqub9A==",
      "cpu": [
        "arm64"
      ],
      "dev": true,
      "license": "MIT",
      "optional": true,
      "os": [
        "linux"
      ]
    },
    "node_modules/@oxc-resolver/binding-linux-arm64-musl": {
      "version": "5.2.0",
      "resolved": "https://registry.npmjs.org/@oxc-resolver/binding-linux-arm64-musl/-/binding-linux-arm64-musl-5.2.0.tgz",
      "integrity": "sha512-rDiRuIvQXa9MI8oiEbCVnU7dBVDuo74456dN3Bf30/Joz6FVBhYrhoOTxtxH+WgC38qCUWWuBjhFaLRLDLaMRw==",
      "cpu": [
        "arm64"
      ],
      "dev": true,
      "license": "MIT",
      "optional": true,
      "os": [
        "linux"
      ]
    },
    "node_modules/@oxc-resolver/binding-linux-riscv64-gnu": {
      "version": "5.2.0",
      "resolved": "https://registry.npmjs.org/@oxc-resolver/binding-linux-riscv64-gnu/-/binding-linux-riscv64-gnu-5.2.0.tgz",
      "integrity": "sha512-QRdE2DOO9e4oYzYyf/iRnLiomvs3bRedRTvFHbTAcL0JJfsicLLK4T7J5BP76sVum0QUAVJm+JqgEUmk8ETGXw==",
      "cpu": [
        "riscv64"
      ],
      "dev": true,
      "license": "MIT",
      "optional": true,
      "os": [
        "linux"
      ]
    },
    "node_modules/@oxc-resolver/binding-linux-s390x-gnu": {
      "version": "5.2.0",
      "resolved": "https://registry.npmjs.org/@oxc-resolver/binding-linux-s390x-gnu/-/binding-linux-s390x-gnu-5.2.0.tgz",
      "integrity": "sha512-bD8HDjnEziw1+Y7uowIRI9JaJd6vldLoVXOZaSeBRjofWk8rQOOyxfNTVymIrcmPE8rZZJfkDdGyCnTJP0h9vA==",
      "cpu": [
        "s390x"
      ],
      "dev": true,
      "license": "MIT",
      "optional": true,
      "os": [
        "linux"
      ]
    },
    "node_modules/@oxc-resolver/binding-linux-x64-gnu": {
      "version": "5.2.0",
      "resolved": "https://registry.npmjs.org/@oxc-resolver/binding-linux-x64-gnu/-/binding-linux-x64-gnu-5.2.0.tgz",
      "integrity": "sha512-eWEHGjkrk4Dsul7Wyt6X9UMxZ+e2zKgpRG2kbSZOQQTXf6ZnU9+lRAyAgf2X1qdLjmH0GT54wIak7fhSsuNWLA==",
      "cpu": [
        "x64"
      ],
      "dev": true,
      "license": "MIT",
      "optional": true,
      "os": [
        "linux"
      ]
    },
    "node_modules/@oxc-resolver/binding-linux-x64-musl": {
      "version": "5.2.0",
      "resolved": "https://registry.npmjs.org/@oxc-resolver/binding-linux-x64-musl/-/binding-linux-x64-musl-5.2.0.tgz",
      "integrity": "sha512-iojrjytDOdg4aWm25ak7qpTQwWj+D7O+duHBL2rQhDxIY1K4eysJwobWck0yzJ6VlONaQF6RLt+YeDpGoKV+ww==",
      "cpu": [
        "x64"
      ],
      "dev": true,
      "license": "MIT",
      "optional": true,
      "os": [
        "linux"
      ]
    },
    "node_modules/@oxc-resolver/binding-wasm32-wasi": {
      "version": "5.2.0",
      "resolved": "https://registry.npmjs.org/@oxc-resolver/binding-wasm32-wasi/-/binding-wasm32-wasi-5.2.0.tgz",
      "integrity": "sha512-Lgv3HjKUXRa/xMCgBAkwKQcPljAn5IRicjgoPBXGUhghzK/9yF2DTf7aXdVPvRxFKjvcyWtzpzPV2pzYCuBaBA==",
      "cpu": [
        "wasm32"
      ],
      "dev": true,
      "license": "MIT",
      "optional": true,
      "dependencies": {
        "@napi-rs/wasm-runtime": "^0.2.8"
      },
      "engines": {
        "node": ">=14.0.0"
      }
    },
    "node_modules/@oxc-resolver/binding-win32-arm64-msvc": {
      "version": "5.2.0",
      "resolved": "https://registry.npmjs.org/@oxc-resolver/binding-win32-arm64-msvc/-/binding-win32-arm64-msvc-5.2.0.tgz",
      "integrity": "sha512-VK5yEOdGbIrb89gUtVIw2IVP4r0rEhiwVLQOD37vZhvrt5iY0FHOTtMz9ZsWI0anZ0swt26U2wRcJYT0/AsBfw==",
      "cpu": [
        "arm64"
      ],
      "dev": true,
      "license": "MIT",
      "optional": true,
      "os": [
        "win32"
      ]
    },
    "node_modules/@oxc-resolver/binding-win32-x64-msvc": {
      "version": "5.2.0",
      "resolved": "https://registry.npmjs.org/@oxc-resolver/binding-win32-x64-msvc/-/binding-win32-x64-msvc-5.2.0.tgz",
      "integrity": "sha512-BhIcyjr/gTafUrdOhd1EC5H4LeUSKK9uQIG2RSyMMH0Cq1yBacTb1yvLowhP/6e4ncCGByXEkW7sWGowCfSY8A==",
      "cpu": [
        "x64"
      ],
      "dev": true,
      "license": "MIT",
      "optional": true,
      "os": [
        "win32"
      ]
    },
    "node_modules/@oxc-transform/binding-darwin-arm64": {
      "version": "0.58.1",
      "resolved": "https://registry.npmjs.org/@oxc-transform/binding-darwin-arm64/-/binding-darwin-arm64-0.58.1.tgz",
      "integrity": "sha512-iOTmbTaYMrx61Vxh9uvl9PGileR/d98NuaESOVB5FFrN4rcqFs5rGLiRqQm8T87GCCGXyfP3S44glprVS3s/0A==",
      "cpu": [
        "arm64"
      ],
      "dev": true,
      "license": "MIT",
      "optional": true,
      "os": [
        "darwin"
      ],
      "engines": {
        "node": ">=14.0.0"
      }
    },
    "node_modules/@oxc-transform/binding-darwin-x64": {
      "version": "0.58.1",
      "resolved": "https://registry.npmjs.org/@oxc-transform/binding-darwin-x64/-/binding-darwin-x64-0.58.1.tgz",
      "integrity": "sha512-NdsVLQTw8FJe0Bb0i6Nj7Rtem+vo3ABnHcn08wA8l9mDMZKlrIHWwH6HY9g8P4qvE1jJ1HA/IkqtPU5PQfgv0A==",
      "cpu": [
        "x64"
      ],
      "dev": true,
      "license": "MIT",
      "optional": true,
      "os": [
        "darwin"
      ],
      "engines": {
        "node": ">=14.0.0"
      }
    },
    "node_modules/@oxc-transform/binding-linux-arm-gnueabihf": {
      "version": "0.58.1",
      "resolved": "https://registry.npmjs.org/@oxc-transform/binding-linux-arm-gnueabihf/-/binding-linux-arm-gnueabihf-0.58.1.tgz",
      "integrity": "sha512-BxL5IBfid1Xp+bSEgELAvq+e/Zfd60tV/0nSaTwXgEAnAvOU8abrAPuiXpciZKNBGZ8R6W2Iy/yDUeiF/IBFiA==",
      "cpu": [
        "arm"
      ],
      "dev": true,
      "license": "MIT",
      "optional": true,
      "os": [
        "linux"
      ],
      "engines": {
        "node": ">=14.0.0"
      }
    },
    "node_modules/@oxc-transform/binding-linux-arm64-gnu": {
      "version": "0.58.1",
      "resolved": "https://registry.npmjs.org/@oxc-transform/binding-linux-arm64-gnu/-/binding-linux-arm64-gnu-0.58.1.tgz",
      "integrity": "sha512-HwA3Gsitz/LL+DkPgpHAc6sANTSnInmlq76MV3zf0tw5iMs9kLiQ2W61dM+D9NNwfHvrY3O0uyLR965R/vW11A==",
      "cpu": [
        "arm64"
      ],
      "dev": true,
      "license": "MIT",
      "optional": true,
      "os": [
        "linux"
      ],
      "engines": {
        "node": ">=14.0.0"
      }
    },
    "node_modules/@oxc-transform/binding-linux-arm64-musl": {
      "version": "0.58.1",
      "resolved": "https://registry.npmjs.org/@oxc-transform/binding-linux-arm64-musl/-/binding-linux-arm64-musl-0.58.1.tgz",
      "integrity": "sha512-wUkArdXty35Yzl2qc9ECoFOujzMj/XZ0HEZoSAhdw/NkS4CjowNgV06tUvUesmwG3NV8p37hJdT+M7r3u+zH8Q==",
      "cpu": [
        "arm64"
      ],
      "dev": true,
      "license": "MIT",
      "optional": true,
      "os": [
        "linux"
      ],
      "engines": {
        "node": ">=14.0.0"
      }
    },
    "node_modules/@oxc-transform/binding-linux-x64-gnu": {
      "version": "0.58.1",
      "resolved": "https://registry.npmjs.org/@oxc-transform/binding-linux-x64-gnu/-/binding-linux-x64-gnu-0.58.1.tgz",
      "integrity": "sha512-ED/4ZLRP59TOFsfJ60LEFa7RWKVm8aC+L/0IwDtckNlixk06jy4YyH56RGifJPd6Li2sTaLE0VOVgkJ2cgWEig==",
      "cpu": [
        "x64"
      ],
      "dev": true,
      "license": "MIT",
      "optional": true,
      "os": [
        "linux"
      ],
      "engines": {
        "node": ">=14.0.0"
      }
    },
    "node_modules/@oxc-transform/binding-linux-x64-musl": {
      "version": "0.58.1",
      "resolved": "https://registry.npmjs.org/@oxc-transform/binding-linux-x64-musl/-/binding-linux-x64-musl-0.58.1.tgz",
      "integrity": "sha512-xdlYvnkxe8QL7oWsmir4bZNNwPWMKy8twCLB5UG5rM4/COOhl3APuW1oRDFghhF/0kJHaCYT0KdVtOchFKIHAg==",
      "cpu": [
        "x64"
      ],
      "dev": true,
      "license": "MIT",
      "optional": true,
      "os": [
        "linux"
      ],
      "engines": {
        "node": ">=14.0.0"
      }
    },
    "node_modules/@oxc-transform/binding-wasm32-wasi": {
      "version": "0.58.1",
      "resolved": "https://registry.npmjs.org/@oxc-transform/binding-wasm32-wasi/-/binding-wasm32-wasi-0.58.1.tgz",
      "integrity": "sha512-rD+riAK0v3MHIFyUo6+xqDEOi/MHVknNaJxWeWuyahn+ZGQC3jBOG0dGVq3x+px8DBqvlfihiDs3tkIDnc6BJQ==",
      "cpu": [
        "wasm32"
      ],
      "dev": true,
      "license": "MIT",
      "optional": true,
      "dependencies": {
        "@napi-rs/wasm-runtime": "^0.2.7"
      },
      "engines": {
        "node": ">=14.0.0"
      }
    },
    "node_modules/@oxc-transform/binding-win32-arm64-msvc": {
      "version": "0.58.1",
      "resolved": "https://registry.npmjs.org/@oxc-transform/binding-win32-arm64-msvc/-/binding-win32-arm64-msvc-0.58.1.tgz",
      "integrity": "sha512-jrCOvmabG9TVV/OvO7M3WSXkBX4aZ8RjOwsZEWcMiKeybmUr8E8XHx0YdwzL1M8MSKpdctoHPv1nz3SqM7uo6Q==",
      "cpu": [
        "arm64"
      ],
      "dev": true,
      "license": "MIT",
      "optional": true,
      "os": [
        "win32"
      ],
      "engines": {
        "node": ">=14.0.0"
      }
    },
    "node_modules/@oxc-transform/binding-win32-x64-msvc": {
      "version": "0.58.1",
      "resolved": "https://registry.npmjs.org/@oxc-transform/binding-win32-x64-msvc/-/binding-win32-x64-msvc-0.58.1.tgz",
      "integrity": "sha512-612E4VNg9wK5cpGjaHjdW+aD3b1w80lps6rsFEsWejGB5nF5OkXS8uZxS1iQE/16JUoFNUcH+3yyqQP7ljdOuA==",
      "cpu": [
        "x64"
      ],
      "dev": true,
      "license": "MIT",
      "optional": true,
      "os": [
        "win32"
      ],
      "engines": {
        "node": ">=14.0.0"
      }
    },
    "node_modules/@rolldown/binding-darwin-arm64": {
      "version": "1.0.0-beta.7",
      "resolved": "https://registry.npmjs.org/@rolldown/binding-darwin-arm64/-/binding-darwin-arm64-1.0.0-beta.7.tgz",
      "integrity": "sha512-spVRMdG9NotVYfrc94W8zMKEqLFbxm/dzkBjTfKzXMqhyBryo1lwZ14o8xFb3lM/ON/ZUT7laR9y+r6SIUtFrg==",
      "cpu": [
        "arm64"
      ],
      "dev": true,
      "license": "MIT",
      "optional": true,
      "os": [
        "darwin"
      ]
    },
    "node_modules/@rolldown/binding-darwin-x64": {
      "version": "1.0.0-beta.7",
      "resolved": "https://registry.npmjs.org/@rolldown/binding-darwin-x64/-/binding-darwin-x64-1.0.0-beta.7.tgz",
      "integrity": "sha512-6d6PicpBNLWJUyGO1b87QOBtQuqL1X9qVugi+kyGcChxW2bL87/CIBAJDu1g3mM62xSzxUitGa2YWRMhMJu2OA==",
      "cpu": [
        "x64"
      ],
      "dev": true,
      "license": "MIT",
      "optional": true,
      "os": [
        "darwin"
      ]
    },
    "node_modules/@rolldown/binding-freebsd-x64": {
      "version": "1.0.0-beta.7",
      "resolved": "https://registry.npmjs.org/@rolldown/binding-freebsd-x64/-/binding-freebsd-x64-1.0.0-beta.7.tgz",
      "integrity": "sha512-RCKUAMUr1+F1wDSUmWUoGimCNAoQ9km5SRIEhrTlCOXe4wv+rY4o07cTaBjehBm+GtT+u0r36SW2gOmikivj9Q==",
      "cpu": [
        "x64"
      ],
      "dev": true,
      "license": "MIT",
      "optional": true,
      "os": [
        "freebsd"
      ]
    },
    "node_modules/@rolldown/binding-linux-arm-gnueabihf": {
      "version": "1.0.0-beta.7",
      "resolved": "https://registry.npmjs.org/@rolldown/binding-linux-arm-gnueabihf/-/binding-linux-arm-gnueabihf-1.0.0-beta.7.tgz",
      "integrity": "sha512-SRGp4RaUC2oFZTDtLSRePWWE5F4C5vrlsr/a3+/mBlBVUdSrB7341hqAEcezW3YYHQOT/j9CPXu2NULENSywwQ==",
      "cpu": [
        "arm"
      ],
      "dev": true,
      "license": "MIT",
      "optional": true,
      "os": [
        "linux"
      ]
    },
    "node_modules/@rolldown/binding-linux-arm64-gnu": {
      "version": "1.0.0-beta.7",
      "resolved": "https://registry.npmjs.org/@rolldown/binding-linux-arm64-gnu/-/binding-linux-arm64-gnu-1.0.0-beta.7.tgz",
      "integrity": "sha512-q6Szr5o54lJWir2uYxwxDoOUdSCrA2Nb8sKqQRnJHP9985o0uxeq85LKvMubFRgTKq9Q71ZZPrZBs7pwr4ji1Q==",
      "cpu": [
        "arm64"
      ],
      "dev": true,
      "license": "MIT",
      "optional": true,
      "os": [
        "linux"
      ]
    },
    "node_modules/@rolldown/binding-linux-arm64-musl": {
      "version": "1.0.0-beta.7",
      "resolved": "https://registry.npmjs.org/@rolldown/binding-linux-arm64-musl/-/binding-linux-arm64-musl-1.0.0-beta.7.tgz",
      "integrity": "sha512-MiEE4ReEw7jdxKE8eKTdt3z7N1sucgSb1J0BUY3Dd8YKLjh2jNYHhJu13/tCo2DBMZxT+FDJE3WJ5kCxZA7+YA==",
      "cpu": [
        "arm64"
      ],
      "dev": true,
      "license": "MIT",
      "optional": true,
      "os": [
        "linux"
      ]
    },
    "node_modules/@rolldown/binding-linux-x64-gnu": {
      "version": "1.0.0-beta.7",
      "resolved": "https://registry.npmjs.org/@rolldown/binding-linux-x64-gnu/-/binding-linux-x64-gnu-1.0.0-beta.7.tgz",
      "integrity": "sha512-2yDNUKQidgcZr/VSJCUy9IGvtcF/GfBEBrCsqvSkVKMNLNySICvybAwKtCNPeZSOwf875CWnnyKNeg5vwV6rMg==",
      "cpu": [
        "x64"
      ],
      "dev": true,
      "license": "MIT",
      "optional": true,
      "os": [
        "linux"
      ]
    },
    "node_modules/@rolldown/binding-linux-x64-musl": {
      "version": "1.0.0-beta.7",
      "resolved": "https://registry.npmjs.org/@rolldown/binding-linux-x64-musl/-/binding-linux-x64-musl-1.0.0-beta.7.tgz",
      "integrity": "sha512-72LjHkY9Sqav35qopNh4fabhSsqKWmOwMtjmrNgONTtC5LhALjNZlaXkAaFvQRJ8N7ftT8BOITzaZeqrF6BYdg==",
      "cpu": [
        "x64"
      ],
      "dev": true,
      "license": "MIT",
      "optional": true,
      "os": [
        "linux"
      ]
    },
    "node_modules/@rolldown/binding-wasm32-wasi": {
      "version": "1.0.0-beta.7",
      "resolved": "https://registry.npmjs.org/@rolldown/binding-wasm32-wasi/-/binding-wasm32-wasi-1.0.0-beta.7.tgz",
      "integrity": "sha512-sR8q2p3j5ZCkFWPbm6LUIYE7SHfmrVqXu0n4CFpzmAM95pDhFRx8SzT/oL5tkFN+mCdnPpzcvpn9OioVXQ8CxA==",
      "cpu": [
        "wasm32"
      ],
      "dev": true,
      "license": "MIT",
      "optional": true,
      "dependencies": {
        "@napi-rs/wasm-runtime": "^0.2.4"
      },
      "engines": {
        "node": ">=14.21.3"
      }
    },
    "node_modules/@rolldown/binding-win32-arm64-msvc": {
      "version": "1.0.0-beta.7",
      "resolved": "https://registry.npmjs.org/@rolldown/binding-win32-arm64-msvc/-/binding-win32-arm64-msvc-1.0.0-beta.7.tgz",
      "integrity": "sha512-eeSNGdZt01NelYGl5LZc3cSwN4iYG5XE8zMqkILErfW6ndpc74DKeDWI0aG8jmtjz5VerLA4B9DzOkhuFj4lNg==",
      "cpu": [
        "arm64"
      ],
      "dev": true,
      "license": "MIT",
      "optional": true,
      "os": [
        "win32"
      ]
    },
    "node_modules/@rolldown/binding-win32-ia32-msvc": {
      "version": "1.0.0-beta.7",
      "resolved": "https://registry.npmjs.org/@rolldown/binding-win32-ia32-msvc/-/binding-win32-ia32-msvc-1.0.0-beta.7.tgz",
      "integrity": "sha512-d7Uhs3LWirrE4+TRa2N25AqrZaZjYZdOrKSYbZFMF42tFkWIgGWPCQouTqjMgjVGX0feJpF7+9dwVhjZFzZbYA==",
      "cpu": [
        "ia32"
      ],
      "dev": true,
      "license": "MIT",
      "optional": true,
      "os": [
        "win32"
      ]
    },
    "node_modules/@rolldown/binding-win32-x64-msvc": {
      "version": "1.0.0-beta.7",
      "resolved": "https://registry.npmjs.org/@rolldown/binding-win32-x64-msvc/-/binding-win32-x64-msvc-1.0.0-beta.7.tgz",
      "integrity": "sha512-Z3P1JHx+U7Sr73v5wJtEygxboF2VR9ds4eSAgFfslhIxFI48FFm+WEMeuLLeqnx0tiq1UL6cIIg5+h3mlaG6UA==",
      "cpu": [
        "x64"
      ],
      "dev": true,
      "license": "MIT",
      "optional": true,
      "os": [
        "win32"
      ]
    },
    "node_modules/@tybys/wasm-util": {
      "version": "0.9.0",
      "resolved": "https://registry.npmjs.org/@tybys/wasm-util/-/wasm-util-0.9.0.tgz",
      "integrity": "sha512-6+7nlbMVX/PVDCwaIQ8nTOPveOcFLSt8GcXdx8hD0bt39uWxYT88uXzqTd4fTvqta7oeUJqudepapKNt2DYJFw==",
      "dev": true,
      "license": "MIT",
      "optional": true,
      "dependencies": {
        "tslib": "^2.4.0"
      }
    },
    "node_modules/@types/node": {
      "version": "22.14.1",
      "resolved": "https://registry.npmjs.org/@types/node/-/node-22.14.1.tgz",
      "integrity": "sha512-u0HuPQwe/dHrItgHHpmw3N2fYCR6x4ivMNbPHRkBVP4CvN+kiRrKHWk3i8tXiO/joPwXLMYvF9TTF0eqgHIuOw==",
      "dev": true,
      "license": "MIT",
      "dependencies": {
        "undici-types": "~6.21.0"
      }
    },
    "node_modules/@valibot/to-json-schema": {
      "version": "1.0.0",
      "resolved": "https://registry.npmjs.org/@valibot/to-json-schema/-/to-json-schema-1.0.0.tgz",
      "integrity": "sha512-/9crJgPptVsGCL6X+JPDQyaJwkalSZ/52WuF8DiRUxJgcmpNdzYRfZ+gqMEP8W3CTVfuMWPqqvIgfwJ97f9Etw==",
      "dev": true,
      "license": "MIT",
      "peerDependencies": {
        "valibot": "^1.0.0"
      }
    },
    "node_modules/bunup": {
      "version": "0.3.92",
      "resolved": "https://registry.npmjs.org/bunup/-/bunup-0.3.92.tgz",
      "integrity": "sha512-1XlzOoRvK6ESuA4T/25GZwLLUdFscsmC9NVmxDNsW9q8afrpVbS5HnRN6u6wshMsLS5RmtK/Cjr7nqbWlb+RVA==",
      "dev": true,
      "license": "MIT",
      "dependencies": {
        "chokidar": "^4.0.3",
        "coffi": "^0.1.20",
        "oxc-resolver": "^5.0.1",
        "oxc-transform": "^0.58.1",
        "rolldown": "1.0.0-beta.7",
        "rolldown-plugin-dts": "^0.4.0"
      },
      "bin": {
        "bunup": "build/cli.mjs"
      },
      "peerDependencies": {
        "typescript": ">=4.5.0"
      },
      "peerDependenciesMeta": {
        "typescript": {
          "optional": true
        }
      }
    },
    "node_modules/chokidar": {
      "version": "4.0.3",
      "resolved": "https://registry.npmjs.org/chokidar/-/chokidar-4.0.3.tgz",
      "integrity": "sha512-Qgzu8kfBvo+cA4962jnP1KkS6Dop5NS6g7R5LFYJr4b8Ub94PPQXUksCw9PvXoeXPRRddRNC5C1JQUR2SMGtnA==",
      "dev": true,
      "license": "MIT",
      "dependencies": {
        "readdirp": "^4.0.1"
      },
      "engines": {
        "node": ">= 14.16.0"
      },
      "funding": {
        "url": "https://paulmillr.com/funding/"
      }
    },
    "node_modules/coffi": {
      "version": "0.1.21",
      "resolved": "https://registry.npmjs.org/coffi/-/coffi-0.1.21.tgz",
      "integrity": "sha512-EnFIXI7GvVUoewtqoHnpiK+0JLECOW6ZuNyNvmh334jUHw4tmwuJJQcUhjmheegVesP8/8AkZQS+QbdOIyrUPA==",
      "dev": true,
      "license": "MIT"
    },
    "node_modules/dts-resolver": {
      "version": "0.1.1",
      "resolved": "https://registry.npmjs.org/dts-resolver/-/dts-resolver-0.1.1.tgz",
      "integrity": "sha512-Pj0AEP6US2fH1kwYAUHPh5f8XBawGKr25PGzCRnCQne/MW9CvFczL4u++FC8+jO0ZtquRy4J512FJca4zH39rg==",
      "dev": true,
      "license": "MIT",
      "dependencies": {
        "oxc-resolver": "^5.2.0",
        "pathe": "^2.0.3"
      },
      "engines": {
        "node": ">=20.18.0"
      },
      "funding": {
        "url": "https://github.com/sponsors/sxzz"
      }
    },
    "node_modules/magic-string": {
      "version": "0.30.17",
      "resolved": "https://registry.npmjs.org/magic-string/-/magic-string-0.30.17.tgz",
      "integrity": "sha512-sNPKHvyjVf7gyjwS4xGTaW/mCnF8wnjtifKBEhxfZ7E/S8tQ0rssrwGNn6q8JH/ohItJfSQp9mBtQYuTlH5QnA==",
      "dev": true,
      "license": "MIT",
      "dependencies": {
        "@jridgewell/sourcemap-codec": "^1.5.0"
      }
    },
    "node_modules/magic-string-ast": {
      "version": "0.9.1",
      "resolved": "https://registry.npmjs.org/magic-string-ast/-/magic-string-ast-0.9.1.tgz",
      "integrity": "sha512-18dv2ZlSSgJ/jDWlZGKfnDJx56ilNlYq9F7NnwuWTErsmYmqJ2TWE4l1o2zlUHBYUGBy3tIhPCC1gxq8M5HkMA==",
      "dev": true,
      "license": "MIT",
      "dependencies": {
        "magic-string": "^0.30.17"
      },
      "engines": {
        "node": ">=20.18.0"
      },
      "funding": {
        "url": "https://github.com/sponsors/sxzz"
      }
    },
    "node_modules/oxc-parser": {
      "version": "0.62.0",
      "resolved": "https://registry.npmjs.org/oxc-parser/-/oxc-parser-0.62.0.tgz",
      "integrity": "sha512-WwSVsS8e7KH8an4rQJJZuO2QiIxNA0ryPESmmdxy1KYRSKEscyBgbIGGv2lCWy3uTksQtAjB2s2YAohESfrfOQ==",
      "dev": true,
      "license": "MIT",
      "dependencies": {
        "@oxc-project/types": "^0.62.0"
      },
      "engines": {
        "node": ">=14.0.0"
      },
      "funding": {
        "url": "https://github.com/sponsors/Boshen"
      },
      "optionalDependencies": {
        "@oxc-parser/binding-darwin-arm64": "0.62.0",
        "@oxc-parser/binding-darwin-x64": "0.62.0",
        "@oxc-parser/binding-linux-arm-gnueabihf": "0.62.0",
        "@oxc-parser/binding-linux-arm64-gnu": "0.62.0",
        "@oxc-parser/binding-linux-arm64-musl": "0.62.0",
        "@oxc-parser/binding-linux-x64-gnu": "0.62.0",
        "@oxc-parser/binding-linux-x64-musl": "0.62.0",
        "@oxc-parser/binding-wasm32-wasi": "0.62.0",
        "@oxc-parser/binding-win32-arm64-msvc": "0.62.0",
        "@oxc-parser/binding-win32-x64-msvc": "0.62.0"
      }
    },
    "node_modules/oxc-parser/node_modules/@oxc-project/types": {
      "version": "0.62.0",
      "resolved": "https://registry.npmjs.org/@oxc-project/types/-/types-0.62.0.tgz",
      "integrity": "sha512-rC3YQjrntGvg8vkHHKaiFqZFBCDU/F3BPfokssD02q5Sn4dSZGYzJVdojqYIEFECpEMEqKBxqIRmVex1+WXI5w==",
      "dev": true,
      "license": "MIT",
      "funding": {
        "url": "https://github.com/sponsors/Boshen"
      }
    },
    "node_modules/oxc-resolver": {
      "version": "5.2.0",
      "resolved": "https://registry.npmjs.org/oxc-resolver/-/oxc-resolver-5.2.0.tgz",
      "integrity": "sha512-ce0rdG5Y0s1jhcvh2Zc6sD+fTw/WA4pUKWrPmjbniZjC/m6pPob2I2Pkz8T0YzdWsbAC98E00Bc7KNB1B6Tolg==",
      "dev": true,
      "license": "MIT",
      "funding": {
        "url": "https://github.com/sponsors/Boshen"
      },
      "optionalDependencies": {
        "@oxc-resolver/binding-darwin-arm64": "5.2.0",
        "@oxc-resolver/binding-darwin-x64": "5.2.0",
        "@oxc-resolver/binding-freebsd-x64": "5.2.0",
        "@oxc-resolver/binding-linux-arm-gnueabihf": "5.2.0",
        "@oxc-resolver/binding-linux-arm64-gnu": "5.2.0",
        "@oxc-resolver/binding-linux-arm64-musl": "5.2.0",
        "@oxc-resolver/binding-linux-riscv64-gnu": "5.2.0",
        "@oxc-resolver/binding-linux-s390x-gnu": "5.2.0",
        "@oxc-resolver/binding-linux-x64-gnu": "5.2.0",
        "@oxc-resolver/binding-linux-x64-musl": "5.2.0",
        "@oxc-resolver/binding-wasm32-wasi": "5.2.0",
        "@oxc-resolver/binding-win32-arm64-msvc": "5.2.0",
        "@oxc-resolver/binding-win32-x64-msvc": "5.2.0"
      }
    },
    "node_modules/oxc-transform": {
      "version": "0.58.1",
      "resolved": "https://registry.npmjs.org/oxc-transform/-/oxc-transform-0.58.1.tgz",
      "integrity": "sha512-xOG65Wi5Zp6MO8W4O3jyffWVhKLzqSgtfCC/W207dRLV4wkHyWuzoCgkiy/PUe1NqhC6SkiM603WspNS0AsOZg==",
      "dev": true,
      "license": "MIT",
      "engines": {
        "node": ">=14.0.0"
      },
      "funding": {
        "url": "https://github.com/sponsors/Boshen"
      },
      "optionalDependencies": {
        "@oxc-transform/binding-darwin-arm64": "0.58.1",
        "@oxc-transform/binding-darwin-x64": "0.58.1",
        "@oxc-transform/binding-linux-arm-gnueabihf": "0.58.1",
        "@oxc-transform/binding-linux-arm64-gnu": "0.58.1",
        "@oxc-transform/binding-linux-arm64-musl": "0.58.1",
        "@oxc-transform/binding-linux-x64-gnu": "0.58.1",
        "@oxc-transform/binding-linux-x64-musl": "0.58.1",
        "@oxc-transform/binding-wasm32-wasi": "0.58.1",
        "@oxc-transform/binding-win32-arm64-msvc": "0.58.1",
        "@oxc-transform/binding-win32-x64-msvc": "0.58.1"
      }
    },
    "node_modules/pathe": {
      "version": "2.0.3",
      "resolved": "https://registry.npmjs.org/pathe/-/pathe-2.0.3.tgz",
      "integrity": "sha512-WUjGcAqP1gQacoQe+OBJsFA7Ld4DyXuUIjZ5cc75cLHvJ7dtNsTugphxIADwspS+AraAUePCKrSVtPLFj/F88w==",
      "dev": true,
      "license": "MIT"
    },
    "node_modules/readdirp": {
      "version": "4.1.2",
      "resolved": "https://registry.npmjs.org/readdirp/-/readdirp-4.1.2.tgz",
      "integrity": "sha512-GDhwkLfywWL2s6vEjyhri+eXmfH6j1L7JE27WhqLeYzoh/A3DBaYGEj2H/HFZCn/kMfim73FXxEJTw06WtxQwg==",
      "dev": true,
      "license": "MIT",
      "engines": {
        "node": ">= 14.18.0"
      },
      "funding": {
        "type": "individual",
        "url": "https://paulmillr.com/funding/"
      }
    },
    "node_modules/rolldown": {
      "version": "1.0.0-beta.7",
      "resolved": "https://registry.npmjs.org/rolldown/-/rolldown-1.0.0-beta.7.tgz",
      "integrity": "sha512-IUa/9lZVqgFilYggiY7jxUbmvU4Q8wVvVqsru+AeMldBccBEhTYZ6/XP6cWsznb8Fv49zfYGaeEpJ5WeVdo6Mg==",
      "dev": true,
      "license": "MIT",
      "dependencies": {
        "@oxc-project/types": "0.61.2",
        "@valibot/to-json-schema": "1.0.0",
        "valibot": "1.0.0"
      },
      "bin": {
        "rolldown": "bin/cli.js"
      },
      "optionalDependencies": {
        "@rolldown/binding-darwin-arm64": "1.0.0-beta.7",
        "@rolldown/binding-darwin-x64": "1.0.0-beta.7",
        "@rolldown/binding-freebsd-x64": "1.0.0-beta.7",
        "@rolldown/binding-linux-arm-gnueabihf": "1.0.0-beta.7",
        "@rolldown/binding-linux-arm64-gnu": "1.0.0-beta.7",
        "@rolldown/binding-linux-arm64-musl": "1.0.0-beta.7",
        "@rolldown/binding-linux-x64-gnu": "1.0.0-beta.7",
        "@rolldown/binding-linux-x64-musl": "1.0.0-beta.7",
        "@rolldown/binding-wasm32-wasi": "1.0.0-beta.7",
        "@rolldown/binding-win32-arm64-msvc": "1.0.0-beta.7",
        "@rolldown/binding-win32-ia32-msvc": "1.0.0-beta.7",
        "@rolldown/binding-win32-x64-msvc": "1.0.0-beta.7"
      },
      "peerDependencies": {
        "@oxc-project/runtime": "0.61.2"
      },
      "peerDependenciesMeta": {
        "@oxc-project/runtime": {
          "optional": true
        }
      }
    },
    "node_modules/rolldown-plugin-dts": {
      "version": "0.4.0",
      "resolved": "https://registry.npmjs.org/rolldown-plugin-dts/-/rolldown-plugin-dts-0.4.0.tgz",
      "integrity": "sha512-+l8WEj5QY4Ds9FdRrY+bK0OGkqHclC4tFrevtLuiUidvYHvvpoTwb2oVXR7wEVqCg1vKkc0m7wr1D1hw+yPfUg==",
      "dev": true,
      "license": "MIT",
      "dependencies": {
        "dts-resolver": "^0.1.0",
        "magic-string-ast": "^0.9.1",
        "oxc-parser": "^0.62.0",
        "oxc-transform": "^0.62.0"
      },
      "engines": {
        "node": ">=20.18.0"
      },
      "funding": {
        "url": "https://github.com/sponsors/sxzz"
      },
      "peerDependencies": {
        "rolldown": "^1.0.0-beta.7"
      }
    },
    "node_modules/rolldown-plugin-dts/node_modules/@oxc-transform/binding-darwin-arm64": {
      "version": "0.62.0",
      "resolved": "https://registry.npmjs.org/@oxc-transform/binding-darwin-arm64/-/binding-darwin-arm64-0.62.0.tgz",
      "integrity": "sha512-aUD548g1WJKk+hUPxMDPr2yfvMSGp6M0B1KjORYxdQSI70Fsi3SCmtDmmPNVWsuuugkeCDjqceFr56uYMMrBog==",
      "cpu": [
        "arm64"
      ],
      "dev": true,
      "license": "MIT",
      "optional": true,
      "os": [
        "darwin"
      ],
      "engines": {
        "node": ">=14.0.0"
      }
    },
    "node_modules/rolldown-plugin-dts/node_modules/@oxc-transform/binding-darwin-x64": {
      "version": "0.62.0",
      "resolved": "https://registry.npmjs.org/@oxc-transform/binding-darwin-x64/-/binding-darwin-x64-0.62.0.tgz",
      "integrity": "sha512-Ocxqqm9a+QEgIf/AOE0MRYkgVC7ZWehAonG2YNBp/qnX8rrKGQ12oYpoQA1QJ5sVTr5kF4NgttjpTzKqJ3mKuw==",
      "cpu": [
        "x64"
      ],
      "dev": true,
      "license": "MIT",
      "optional": true,
      "os": [
        "darwin"
      ],
      "engines": {
        "node": ">=14.0.0"
      }
    },
    "node_modules/rolldown-plugin-dts/node_modules/@oxc-transform/binding-linux-arm-gnueabihf": {
      "version": "0.62.0",
      "resolved": "https://registry.npmjs.org/@oxc-transform/binding-linux-arm-gnueabihf/-/binding-linux-arm-gnueabihf-0.62.0.tgz",
      "integrity": "sha512-4z8LniTGjccnJVY7hS8pmh3gswPNmeeMVmvZpIzd1gaUwL6ZVWUuDHGGAAfjsOYzHruzw73HUvRPmfTDDie0lw==",
      "cpu": [
        "arm"
      ],
      "dev": true,
      "license": "MIT",
      "optional": true,
      "os": [
        "linux"
      ],
      "engines": {
        "node": ">=14.0.0"
      }
    },
    "node_modules/rolldown-plugin-dts/node_modules/@oxc-transform/binding-linux-arm64-gnu": {
      "version": "0.62.0",
      "resolved": "https://registry.npmjs.org/@oxc-transform/binding-linux-arm64-gnu/-/binding-linux-arm64-gnu-0.62.0.tgz",
      "integrity": "sha512-zdsTHhkUOSfHhyxJed1SpP8qccKODwQdQMcB8yFvVIoVX3re0qqTRy2aYxofeMTdT9HCqmX7hUXmy1bFYqAQJA==",
      "cpu": [
        "arm64"
      ],
      "dev": true,
      "license": "MIT",
      "optional": true,
      "os": [
        "linux"
      ],
      "engines": {
        "node": ">=14.0.0"
      }
    },
    "node_modules/rolldown-plugin-dts/node_modules/@oxc-transform/binding-linux-arm64-musl": {
      "version": "0.62.0",
      "resolved": "https://registry.npmjs.org/@oxc-transform/binding-linux-arm64-musl/-/binding-linux-arm64-musl-0.62.0.tgz",
      "integrity": "sha512-NoM2Ymf0oKBlxu1DFjBQ7fAAz92JQ1MgbLT6apR2UCmOn7xIZAiyYloyXM43qDf6nTOAs3zmH6kNcEPZ8KaDrg==",
      "cpu": [
        "arm64"
      ],
      "dev": true,
      "license": "MIT",
      "optional": true,
      "os": [
        "linux"
      ],
      "engines": {
        "node": ">=14.0.0"
      }
    },
    "node_modules/rolldown-plugin-dts/node_modules/@oxc-transform/binding-linux-x64-gnu": {
      "version": "0.62.0",
      "resolved": "https://registry.npmjs.org/@oxc-transform/binding-linux-x64-gnu/-/binding-linux-x64-gnu-0.62.0.tgz",
      "integrity": "sha512-ltHIWB0eBT5iDt9hvC6LI90JV7DVbUdXzCjuNzUl/qcXXpKKLFjuRUuAs0npg3B+bsw75N2UKdwJ+E+mGf+D9A==",
      "cpu": [
        "x64"
      ],
      "dev": true,
      "license": "MIT",
      "optional": true,
      "os": [
        "linux"
      ],
      "engines": {
        "node": ">=14.0.0"
      }
    },
    "node_modules/rolldown-plugin-dts/node_modules/@oxc-transform/binding-linux-x64-musl": {
      "version": "0.62.0",
      "resolved": "https://registry.npmjs.org/@oxc-transform/binding-linux-x64-musl/-/binding-linux-x64-musl-0.62.0.tgz",
      "integrity": "sha512-PODsXb/+a/380bdoJVruJSNuRm362b2fqgoRcQyDliIYVIlyNjhuRluNnXZt3Rcn+NMJuD6bR4UNDGIQawoaEg==",
      "cpu": [
        "x64"
      ],
      "dev": true,
      "license": "MIT",
      "optional": true,
      "os": [
        "linux"
      ],
      "engines": {
        "node": ">=14.0.0"
      }
    },
    "node_modules/rolldown-plugin-dts/node_modules/@oxc-transform/binding-wasm32-wasi": {
      "version": "0.62.0",
      "resolved": "https://registry.npmjs.org/@oxc-transform/binding-wasm32-wasi/-/binding-wasm32-wasi-0.62.0.tgz",
      "integrity": "sha512-1Ws06cA9bm7sNTUopUJWVhWx+fimKaazjTCIARHJDkJZZLCBuUOFOLzThqVmu0go0D8PXYA9IVe1caqSVjoHYg==",
      "cpu": [
        "wasm32"
      ],
      "dev": true,
      "license": "MIT",
      "optional": true,
      "dependencies": {
        "@napi-rs/wasm-runtime": "^0.2.8"
      },
      "engines": {
        "node": ">=14.0.0"
      }
    },
    "node_modules/rolldown-plugin-dts/node_modules/@oxc-transform/binding-win32-arm64-msvc": {
      "version": "0.62.0",
      "resolved": "https://registry.npmjs.org/@oxc-transform/binding-win32-arm64-msvc/-/binding-win32-arm64-msvc-0.62.0.tgz",
      "integrity": "sha512-D1HFN2aNm/bkgBLRgvadq12/eMIRe3NgxH2sSQk+AZcorS8vqrHXv6lhiKMEyQTT1nCzr1RzvWDflHwCxoUfqg==",
      "cpu": [
        "arm64"
      ],
      "dev": true,
      "license": "MIT",
      "optional": true,
      "os": [
        "win32"
      ],
      "engines": {
        "node": ">=14.0.0"
      }
    },
    "node_modules/rolldown-plugin-dts/node_modules/@oxc-transform/binding-win32-x64-msvc": {
      "version": "0.62.0",
      "resolved": "https://registry.npmjs.org/@oxc-transform/binding-win32-x64-msvc/-/binding-win32-x64-msvc-0.62.0.tgz",
      "integrity": "sha512-3koMjqUz+LMRtAWBBsg50rsyNxKqpsN2Ft5NzcK+dsMN8dxq1vdMU7TaXdPSriY1buOPOAiqAEeGgdQRjoIBbQ==",
      "cpu": [
        "x64"
      ],
      "dev": true,
      "license": "MIT",
      "optional": true,
      "os": [
        "win32"
      ],
      "engines": {
        "node": ">=14.0.0"
      }
    },
    "node_modules/rolldown-plugin-dts/node_modules/oxc-transform": {
      "version": "0.62.0",
      "resolved": "https://registry.npmjs.org/oxc-transform/-/oxc-transform-0.62.0.tgz",
      "integrity": "sha512-4aycc3KlhwtUj1DVrFWGvfvX0OI6CmSkaPfhox4eY5UNknxZ0WSvj9p3NZIw8wPZiT6uj/acV3LcdO2o8HcSHQ==",
      "dev": true,
      "license": "MIT",
      "engines": {
        "node": ">=14.0.0"
      },
      "funding": {
        "url": "https://github.com/sponsors/Boshen"
      },
      "optionalDependencies": {
        "@oxc-transform/binding-darwin-arm64": "0.62.0",
        "@oxc-transform/binding-darwin-x64": "0.62.0",
        "@oxc-transform/binding-linux-arm-gnueabihf": "0.62.0",
        "@oxc-transform/binding-linux-arm64-gnu": "0.62.0",
        "@oxc-transform/binding-linux-arm64-musl": "0.62.0",
        "@oxc-transform/binding-linux-x64-gnu": "0.62.0",
        "@oxc-transform/binding-linux-x64-musl": "0.62.0",
        "@oxc-transform/binding-wasm32-wasi": "0.62.0",
        "@oxc-transform/binding-win32-arm64-msvc": "0.62.0",
        "@oxc-transform/binding-win32-x64-msvc": "0.62.0"
      }
    },
    "node_modules/tslib": {
      "version": "2.8.1",
      "resolved": "https://registry.npmjs.org/tslib/-/tslib-2.8.1.tgz",
      "integrity": "sha512-oJFu94HQb+KVduSUQL7wnpmqnfmLsOA/nAh6b6EH0wCEoK0/mPeXU6c3wKDV83MkOuHPRHtSXKKU99IBazS/2w==",
      "dev": true,
      "license": "0BSD",
      "optional": true
    },
    "node_modules/typescript": {
      "version": "5.8.3",
      "resolved": "https://registry.npmjs.org/typescript/-/typescript-5.8.3.tgz",
      "integrity": "sha512-p1diW6TqL9L07nNxvRMM7hMMw4c5XOo/1ibL4aAIGmSAt9slTE1Xgw5KWuof2uTOvCg9BY7ZRi+GaF+7sfgPeQ==",
      "dev": true,
      "license": "Apache-2.0",
      "bin": {
        "tsc": "bin/tsc",
        "tsserver": "bin/tsserver"
      },
      "engines": {
        "node": ">=14.17"
      }
    },
    "node_modules/undici-types": {
      "version": "6.21.0",
      "resolved": "https://registry.npmjs.org/undici-types/-/undici-types-6.21.0.tgz",
      "integrity": "sha512-iwDZqg0QAGrg9Rav5H4n0M64c3mkR59cJ6wQp+7C4nI0gsmExaedaYLNO44eT4AtBBwjbTiGPMlt2Md0T9H9JQ==",
      "dev": true,
      "license": "MIT"
    },
    "node_modules/valibot": {
      "version": "1.0.0",
      "resolved": "https://registry.npmjs.org/valibot/-/valibot-1.0.0.tgz",
      "integrity": "sha512-1Hc0ihzWxBar6NGeZv7fPLY0QuxFMyxwYR2sF1Blu7Wq7EnremwY2W02tit2ij2VJT8HcSkHAQqmFfl77f73Yw==",
      "dev": true,
      "license": "MIT",
      "peerDependencies": {
        "typescript": ">=5"
      },
      "peerDependenciesMeta": {
        "typescript": {
          "optional": true
        }
      }
    }
  }
}
